
Microsoft Visual Studio Solution File, Format Version 10.00
# Visual Studio 2008
Project("{FAE04EC0-301F-11D3-BF4B-00C04F79EFBC}") = "JavaAPIDocApp", "JavaAPIDocApp\JavaAPIDocApp.csproj", "{2AAA430A-8ABC-4C84-85B6-1BBBC9C5BB14}"
EndProject
Global
	GlobalSection(SolutionConfigurationPlatforms) = preSolution
		Debug|Any CPU = Debug|Any CPU
		Release|Any CPU = Release|Any CPU
	EndGlobalSection
	GlobalSection(ProjectConfigurationPlatforms) = postSolution
		{2AAA430A-8ABC-4C84-85B6-1BBBC9C5BB14}.Debug|Any CPU.ActiveCfg = Debug|Any CPU
		{2AAA430A-8ABC-4C84-85B6-1BBBC9C5BB14}.Debug|Any CPU.Build.0 = Debug|Any CPU
		{2AAA430A-8ABC-4C84-85B6-1BBBC9C5BB14}.Release|Any CPU.ActiveCfg = Release|Any CPU
		{2AAA430A-8ABC-4C84-85B6-1BBBC9C5BB14}.Release|Any CPU.Build.0 = Release|Any CPU
	EndGlobalSection
	GlobalSection(SolutionProperties) = preSolution
		HideSolutionNode = FALSE
	EndGlobalSection
EndGlobal
